# Generated by move; do not edit
# This file should be checked in.

[move]
version = 4

[pinned.testnet.MoveStdlib]
source = { git = "https://github.com/MystenLabs/sui.git", subdir = "crates/sui-framework/packages/move-stdlib", rev = "b0535f1f3a3310e71790e90d8ae4e8ca840c897e" }
use_environment = "testnet"
manifest_digest = "C4FE4C91DE74CBF223B2E380AE40F592177D21870DC2D7EB6227D2D694E05363"
deps = {}

[pinned.testnet.Sui]
source = { git = "https://github.com/MystenLabs/sui.git", subdir = "crates/sui-framework/packages/sui-framework", rev = "b0535f1f3a3310e71790e90d8ae4e8ca840c897e" }
use_environment = "testnet"
manifest_digest = "7AFB66695545775FBFBB2D3078ADFD084244D5002392E837FDE21D9EA1C6D01C"
deps = { MoveStdlib = "MoveStdlib" }

[pinned.testnet.amane]
source = { local = "../amane" }
use_environment = "testnet"
manifest_digest = "5745706258F61D6CE210904B3E6AE87A73CE9D31A6F93BE4718C442529332A87"
deps = { std = "MoveStdlib", sui = "Sui" }

[pinned.testnet.amane_wormhole]
source = { root = true }
use_environment = "testnet"
manifest_digest = "F7E844EA969943AE1058A57D7157F1E2E613C0DEB9E2D24EF0BBB8D24119EBA1"
deps = { amane = "amane", std = "MoveStdlib", sui = "Sui", token_bridge = "token_bridge", wormhole = "wormhole" }

[pinned.testnet.token_bridge]
source = { git = "https://github.com/wormhole-foundation/wormhole.git", subdir = "sui/token_bridge", rev = "2df4000c5bd228e5ce3a3d87f0475837071587f9" }
use_environment = "testnet"
manifest_digest = "A73251CFC2BBF48800A81E4C042274AE31BEC9DEEB3012564872655516DEE4D1"
deps = { std = "MoveStdlib", sui = "Sui", wormhole = "wormhole" }

[pinned.testnet.wormhole]
source = { git = "https://github.com/wormhole-foundation/wormhole.git", subdir = "sui/wormhole", rev = "2df4000c5bd228e5ce3a3d87f0475837071587f9" }
use_environment = "testnet"
manifest_digest = "5745706258F61D6CE210904B3E6AE87A73CE9D31A6F93BE4718C442529332A87"
deps = { std = "MoveStdlib", sui = "Sui" }
